// !$*UTF8*$!
{
	archiveVersion = 1;
	classes = {
	};
	objectVersion = 46;
	objects = {

/* Begin PBXBuildFile section */
		97875E5B1E07662A00C36E8C /* AppDelegate.swift in Sources */ = {isa = PBXBuildFile; fileRef = 97875E5A1E07662A00C36E8C /* AppDelegate.swift */; };
		97875E601E07662A00C36E8C /* Main.storyboard in Resources */ = {isa = PBXBuildFile; fileRef = 97875E5E1E07662A00C36E8C /* Main.storyboard */; };
		97875E631E07662A00C36E8C /* MyWeight.xcdatamodeld in Sources */ = {isa = PBXBuildFile; fileRef = 97875E611E07662A00C36E8C /* MyWeight.xcdatamodeld */; };
		97875E651E07662A00C36E8C /* Assets.xcassets in Resources */ = {isa = PBXBuildFile; fileRef = 97875E641E07662A00C36E8C /* Assets.xcassets */; };
		97875E681E07662A00C36E8C /* LaunchScreen.storyboard in Resources */ = {isa = PBXBuildFile; fileRef = 97875E661E07662A00C36E8C /* LaunchScreen.storyboard */; };
		97875E721E0773C500C36E8C /* WeightViewController.swift in Sources */ = {isa = PBXBuildFile; fileRef = 97875E711E0773C500C36E8C /* WeightViewController.swift */; };
/* End PBXBuildFile section */

/* Begin PBXFileReference section */
		97875E571E07662A00C36E8C /* MyWeight.app */ = {isa = PBXFileReference; explicitFileType = wrapper.application; includeInIndex = 0; path = MyWeight.app; sourceTree = BUILT_PRODUCTS_DIR; };
		97875E5A1E07662A00C36E8C /* AppDelegate.swift */ = {isa = PBXFileReference; lastKnownFileType = sourcecode.swift; path = AppDelegate.swift; sourceTree = "<group>"; };
		97875E5F1E07662A00C36E8C /* Base */ = {isa = PBXFileReference; lastKnownFileType = file.storyboard; name = Base; path = Base.lproj/Main.storyboard; sourceTree = "<group>"; };
		97875E621E07662A00C36E8C /* MyWeight.xcdatamodel */ = {isa = PBXFileReference; lastKnownFileType = wrapper.xcdatamodel; path = MyWeight.xcdatamodel; sourceTree = "<group>"; };
		97875E641E07662A00C36E8C /* Assets.xcassets */ = {isa = PBXFileReference; lastKnownFileType = folder.assetcatalog; path = Assets.xcassets; sourceTree = "<group>"; };
		97875E671E07662A00C36E8C /* Base */ = {isa = PBXFileReference; lastKnownFileType = file.storyboard; name = Base; path = Base.lproj/LaunchScreen.storyboard; sourceTree = "<group>"; };
		97875E691E07662A00C36E8C /* Info.plist */ = {isa = PBXFileReference; lastKnownFileType = text.plist.xml; path = Info.plist; sourceTree = "<group>"; };
		97875E711E0773C500C36E8C /* WeightViewController.swift */ = {isa = PBXFileReference; fileEncoding = 4; lastKnownFileType = sourcecode.swift; path = WeightViewController.swift; sourceTree = "<group>"; };
/* End PBXFileReference section */

/* Begin PBXFrameworksBuildPhase section */
		97875E541E07662A00C36E8C /* Frameworks */ = {
			isa = PBXFrameworksBuildPhase;
			buildActionMask = 2147483647;
			files = (
			);
			runOnlyForDeploymentPostprocessing = 0;
		};
/* End PBXFrameworksBuildPhase section */

/* Begin PBXGroup section */
		97875E4E1E07662A00C36E8C = {
			isa = PBXGroup;
			children = (
				97875E591E07662A00C36E8C /* MyWeight */,
				97875E581E07662A00C36E8C /* Products */,
			);
			sourceTree = "<group>";
		};
		97875E581E07662A00C36E8C /* Products */ = {
			isa = PBXGroup;
			children = (
				97875E571E07662A00C36E8C /* MyWeight.app */,
			);
			name = Products;
			sourceTree = "<group>";
		};
		97875E591E07662A00C36E8C /* MyWeight */ = {
			isa = PBXGroup;
			children = (
				97875E5A1E07662A00C36E8C /* AppDelegate.swift */,
				97875E5E1E07662A00C36E8C /* Main.storyboard */,
				97875E641E07662A00C36E8C /* Assets.xcassets */,
				97875E661E07662A00C36E8C /* LaunchScreen.storyboard */,
				97875E691E07662A00C36E8C /* Info.plist */,
				97875E611E07662A00C36E8C /* MyWeight.xcdatamodeld */,
				97875E711E0773C500C36E8C /* WeightViewController.swift */,
			);
			path = MyWeight;
			sourceTree = "<group>";
		};
/* End PBXGroup section */

/* Begin PBXNativeTarget section */
		97875E561E07662A00C36E8C /* MyWeight */ = {
			isa = PBXNativeTarget;
			buildConfigurationList = 97875E6C1E07662A00C36E8C /* Build configuration list for PBXNativeTarget "MyWeight" */;
			buildPhases = (
				97875E531E07662A00C36E8C /* Sources */,
				97875E541E07662A00C36E8C /* Frameworks */,
				97875E551E07662A00C36E8C /* Resources */,
			);
			buildRules = (
			);
			dependencies = (
			);
			name = MyWeight;
			productName = MyWeight;
			productReference = 97875E571E07662A00C36E8C /* MyWeight.app */;
			productType = "com.apple.product-type.application";
		};
/* End PBXNativeTarget section */

/* Begin PBXProject section */
		97875E4F1E07662A00C36E8C /* Project object */ = {
			isa = PBXProject;
			attributes = {
				LastSwiftUpdateCheck = 0810;
				LastUpgradeCheck = 0810;
				ORGANIZATIONNAME = "João Gabriel";
				TargetAttributes = {
					97875E561E07662A00C36E8C = {
						CreatedOnToolsVersion = 8.1;
						DevelopmentTeam = WL8G2WFXFF;
						ProvisioningStyle = Automatic;
					};
				};
			};
			buildConfigurationList = 97875E521E07662A00C36E8C /* Build configuration list for PBXProject "MyWeight" */;
			compatibilityVersion = "Xcode 3.2";
			developmentRegion = English;
			hasScannedForEncodings = 0;
			knownRegions = (
				en,
				Base,
			);
			mainGroup = 97875E4E1E07662A00C36E8C;
			productRefGroup = 97875E581E07662A00C36E8C /* Products */;
			projectDirPath = "";
			projectRoot = "";
			targets = (
				97875E561E07662A00C36E8C /* MyWeight */,
			);
		};
/* End PBXProject section */

/* Begin PBXResourcesBuildPhase section */
		97875E551E07662A00C36E8C /* Resources */ = {
			isa = PBXResourcesBuildPhase;
			buildActionMask = 2147483647;
			files = (
				97875E681E07662A00C36E8C /* LaunchScreen.storyboard in Resources */,
				97875E651E07662A00C36E8C /* Assets.xcassets in Resources */,
				97875E601E07662A00C36E8C /* Main.storyboard in Resources */,
			);
			runOnlyForDeploymentPostprocessing = 0;
		};
/* End PBXResourcesBuildPhase section */

/* Begin PBXSourcesBuildPhase section */
		97875E531E07662A00C36E8C /* Sources */ = {
			isa = PBXSourcesBuildPhase;
			buildActionMask = 2147483647;
			files = (
				97875E721E0773C500C36E8C /* WeightViewController.swift in Sources */,
				97875E631E07662A00C36E8C /* MyWeight.xcdatamodeld in Sources */,
				97875E5B1E07662A00C36E8C /* AppDelegate.swift in Sources */,
			);
			runOnlyForDeploymentPostprocessing = 0;
		};
/* End PBXSourcesBuildPhase section */

/* Begin PBXVariantGroup section */
		97875E5E1E07662A00C36E8C /* Main.storyboard */ = {
			isa = PBXVariantGroup;
			children = (
				97875E5F1E07662A00C36E8C /* Base */,
			);
			name = Main.storyboard;
			sourceTree = "<group>";
		};
		97875E661E07662A00C36E8C /* LaunchScreen.storyboard */ = {
			isa = PBXVariantGroup;
			children = (
				97875E671E07662A00C36E8C /* Base */,
			);
			name = LaunchScreen.storyboard;
			sourceTree = "<group>";
		};
/* End PBXVariantGroup section */

/* Begin XCBuildConfiguration section */
		97875E6A1E07662A00C36E8C /* Debug */ = {
			isa = XCBuildConfiguration;
			buildSettings = {
				ALWAYS_SEARCH_USER_PATHS = NO;
				CLANG_ANALYZER_NONNULL = YES;
				CLANG_CXX_LANGUAGE_STANDARD = "gnu++0x";
				CLANG_CXX_LIBRARY = "libc++";
				CLANG_ENABLE_MODULES = YES;
				CLANG_ENABLE_OBJC_ARC = YES;
				CLANG_WARN_BOOL_CONVERSION = YES;
				CLANG_WARN_CONSTANT_CONVERSION = YES;
				CLANG_WARN_DIRECT_OBJC_ISA_USAGE = YES_ERROR;
				CLANG_WARN_DOCUMENTATION_COMMENTS = YES;
				CLANG_WARN_EMPTY_BODY = YES;
				CLANG_WARN_ENUM_CONVERSION = YES;
				CLANG_WARN_INFINITE_RECURSION = YES;
				CLANG_WARN_INT_CONVERSION = YES;
				CLANG_WARN_OBJC_ROOT_CLASS = YES_ERROR;
				CLANG_WARN_SUSPICIOUS_MOVES = YES;
				CLANG_WARN_UNREACHABLE_CODE = YES;
				CLANG_WARN__DUPLICATE_METHOD_MATCH = YES;
				"CODE_SIGN_IDENTITY[sdk=iphoneos*]" = "iPhone Developer";
				COPY_PHASE_STRIP = NO;
				DEBUG_INFORMATION_FORMAT = dwarf;
				ENABLE_STRICT_OBJC_MSGSEND = YES;
				ENABLE_TESTABILITY = YES;
				GCC_C_LANGUAGE_STANDARD = gnu99;
				GCC_DYNAMIC_NO_PIC = NO;
				GCC_NO_COMMON_BLOCKS = YES;
				GCC_OPTIMIZATION_LEVEL = 0;
				GCC_PREPROCESSOR_DEFINITIONS = (
					"DEBUG=1",
					"$(inherited)",
				);
				GCC_WARN_64_TO_32_BIT_CONVERSION = YES;
				GCC_WARN_ABOUT_RETURN_TYPE = YES_ERROR;
				GCC_WARN_UNDECLARED_SELECTOR = YES;
				GCC_WARN_UNINITIALIZED_AUTOS = YES_AGGRESSIVE;
				GCC_WARN_UNUSED_FUNCTION = YES;
				GCC_WARN_UNUSED_VARIABLE = YES;
				IPHONEOS_DEPLOYMENT_TARGET = 10.1;
				MTL_ENABLE_DEBUG_INFO = YES;
				ONLY_ACTIVE_ARCH = YES;
				SDKROOT = iphoneos;
				SWIFT_ACTIVE_COMPILATION_CONDITIONS = DEBUG;
				SWIFT_OPTIMIZATION_LEVEL = "-Onone";
				TARGETED_DEVICE_FAMILY = "1,2";
			};
			name = Debug;
		};
		97875E6B1E07662A00C36E8C /* Release */ = {
			isa = XCBuildConfiguration;
			buildSettings = {
				ALWAYS_SEARCH_USER_PATHS = NO;
				CLANG_ANALYZER_NONNULL = YES;
				CLANG_CXX_LANGUAGE_STANDARD = "gnu++0x";
				CLANG_CXX_LIBRARY = "libc++";
				CLANG_ENABLE_MODULES = YES;
				CLANG_ENABLE_OBJC_ARC = YES;
				CLANG_WARN_BOOL_CONVERSION = YES;
				CLANG_WARN_CONSTANT_CONVERSION = YES;
				CLANG_WARN_DIRECT_OBJC_ISA_USAGE = YES_ERROR;
				CLANG_WARN_DOCUMENTATION_COMMENTS = YES;
				CLANG_WARN_EMPTY_BODY = YES;
				CLANG_WARN_ENUM_CONVERSION = YES;
				CLANG_WARN_INFINITE_RECURSION = YES;
				CLANG_WARN_INT_CONVERSION = YES;
				CLANG_WARN_OBJC_ROOT_CLASS = YES_ERROR;
				CLANG_WARN_SUSPICIOUS_MOVES = YES;
				CLANG_WARN_UNREACHABLE_CODE = YES;
				CLANG_WARN__DUPLICATE_METHOD_MATCH = YES;
				"CODE_SIGN_IDENTITY[sdk=iphoneos*]" = "iPhone Developer";
				COPY_PHASE_STRIP = NO;
				DEBUG_INFORMATION_FORMAT = "dwarf-with-dsym";
				ENABLE_NS_ASSERTIONS = NO;
				ENABLE_STRICT_OBJC_MSGSEND = YES;
				GCC_C_LANGUAGE_STANDARD = gnu99;
				GCC_NO_COMMON_BLOCKS = YES;
				GCC_WARN_64_TO_32_BIT_CONVERSION = YES;
				GCC_WARN_ABOUT_RETURN_TYPE = YES_ERROR;
				GCC_WARN_UNDECLARED_SELECTOR = YES;
				GCC_WARN_UNINITIALIZED_AUTOS = YES_AGGRESSIVE;
				GCC_WARN_UNUSED_FUNCTION = YES;
				GCC_WARN_UNUSED_VARIABLE = YES;
				IPHONEOS_DEPLOYMENT_TARGET = 10.1;
				MTL_ENABLE_DEBUG_INFO = NO;
				SDKROOT = iphoneos;
				SWIFT_OPTIMIZATION_LEVEL = "-Owholemodule";
				TARGETED_DEVICE_FAMILY = "1,2";
				VALIDATE_PRODUCT = YES;
			};
			name = Release;
		};
		97875E6D1E07662A00C36E8C /* Debug */ = {
			isa = XCBuildConfiguration;
			buildSettings = {
				ASSETCATALOG_COMPILER_APPICON_NAME = AppIcon;
				DEVELOPMENT_TEAM = WL8G2WFXFF;
				FRAMEWORK_SEARCH_PATHS = (
					"$(inherited)",
					"$(PROJECT_DIR)/Carthage/Build/iOS",
				);
				INFOPLIST_FILE = MyWeight/Info.plist;
				LD_RUNPATH_SEARCH_PATHS = "$(inherited) @executable_path/Frameworks";
				PRODUCT_BUNDLE_IDENTIFIER = JGabrielFreitas.MyWeight;
				PRODUCT_NAME = "$(TARGET_NAME)";
				SWIFT_VERSION = 3.0;
			};
			name = Debug;
		};
		97875E6E1E07662A00C36E8C /* Release */ = {
			isa = XCBuildConfiguration;
			buildSettings = {
				ASSETCATALOG_COMPILER_APPICON_NAME = AppIcon;
				DEVELOPMENT_TEAM = WL8G2WFXFF;
				FRAMEWORK_SEARCH_PATHS = (
					"$(inherited)",
					"$(PROJECT_DIR)/Carthage/Build/iOS",
				);
				INFOPLIST_FILE = MyWeight/Info.plist;
				LD_RUNPATH_SEARCH_PATHS = "$(inherited) @executable_path/Frameworks";
				PRODUCT_BUNDLE_IDENTIFIER = JGabrielFreitas.MyWeight;
				PRODUCT_NAME = "$(TARGET_NAME)";
				SWIFT_VERSION = 3.0;
			};
			name = Release;
		};
/* End XCBuildConfiguration section */

/* Begin XCConfigurationList section */
		97875E521E07662A00C36E8C /* Build configuration list for PBXProject "MyWeight" */ = {
			isa = XCConfigurationList;
			buildConfigurations = (
				97875E6A1E07662A00C36E8C /* Debug */,
				97875E6B1E07662A00C36E8C /* Release */,
			);
			defaultConfigurationIsVisible = 0;
			defaultConfigurationName = Release;
		};
		97875E6C1E07662A00C36E8C /* Build configuration list for PBXNativeTarget "MyWeight" */ = {
			isa = XCConfigurationList;
			buildConfigurations = (
				97875E6D1E07662A00C36E8C /* Debug */,
				97875E6E1E07662A00C36E8C /* Release */,
			);
			defaultConfigurationIsVisible = 0;
		};
/* End XCConfigurationList section */

/* Begin XCVersionGroup section */
		97875E611E07662A00C36E8C /* MyWeight.xcdatamodeld */ = {
			isa = XCVersionGroup;
			children = (
				97875E621E07662A00C36E8C /* MyWeight.xcdatamodel */,
			);
			currentVersion = 97875E621E07662A00C36E8C /* MyWeight.xcdatamodel */;
			path = MyWeight.xcdatamodeld;
			sourceTree = "<group>";
			versionGroupType = wrapper.xcdatamodel;
		};
/* End XCVersionGroup section */
	};
	rootObject = 97875E4F1E07662A00C36E8C /* Project object */;
}
